
Microsoft Visual Studio Solution File, Format Version 12.00
# Visual Studio Version 17
VisualStudioVersion = 17.5.33530.505
MinimumVisualStudioVersion = 10.0.40219.1
Project("{FAE04EC0-301F-11D3-BF4B-00C04F79EFBC}") = "Lista10_PR2", "Lista10_PR2\Lista10_PR2.csproj", "{A7FAEA76-8A92-48D5-A90E-37201F67A543}"
EndProject
Global
	GlobalSection(SolutionConfigurationPlatforms) = preSolution
		Debug|Any CPU = Debug|Any CPU
		Release|Any CPU = Release|Any CPU
	EndGlobalSection
	GlobalSection(ProjectConfigurationPlatforms) = postSolution
		{A7FAEA76-8A92-48D5-A90E-37201F67A543}.Debug|Any CPU.ActiveCfg = Debug|Any CPU
		{A7FAEA76-8A92-48D5-A90E-37201F67A543}.Debug|Any CPU.Build.0 = Debug|Any CPU
		{A7FAEA76-8A92-48D5-A90E-37201F67A543}.Release|Any CPU.ActiveCfg = Release|Any CPU
		{A7FAEA76-8A92-48D5-A90E-37201F67A543}.Release|Any CPU.Build.0 = Release|Any CPU
	EndGlobalSection
	GlobalSection(SolutionProperties) = preSolution
		HideSolutionNode = FALSE
	EndGlobalSection
	GlobalSection(ExtensibilityGlobals) = postSolution
		SolutionGuid = {D15D84F0-652D-4AA9-9B96-94E43EE795AA}
	EndGlobalSection
EndGlobal
